
Microsoft Visual Studio Solution File, Format Version 12.00
# Visual Studio Version 16
VisualStudioVersion = 16.0.30204.135
MinimumVisualStudioVersion = 10.0.40219.1
Project("{9A19103F-16F7-4668-BE54-9A1E7A4F7556}") = "VopakAssesmentApp", "src\VopakAssesmentApp\VopakAssesmentApp.csproj", "{42C303C8-686F-4433-BB38-B763DAE6516E}"
EndProject
Project("{2150E333-8FDC-42A3-9474-1A3956D46DE8}") = "src", "src", "{D70FE233-A04A-47B9-8D78-A8D25D56394B}"
EndProject
Project("{2150E333-8FDC-42A3-9474-1A3956D46DE8}") = "test", "test", "{D998180F-6382-4F0F-A680-8EE699D241C8}"
EndProject
Project("{FAE04EC0-301F-11D3-BF4B-00C04F79EFBC}") = "VopakAssessmentApp.tests", "test\VopakAssessment.tests\VopakAssessmentApp.tests.csproj", "{11946E08-31BC-4344-A31E-20DA59A345C7}"
EndProject
Global
	GlobalSection(SolutionConfigurationPlatforms) = preSolution
		Debug|Any CPU = Debug|Any CPU
		Release|Any CPU = Release|Any CPU
	EndGlobalSection
	GlobalSection(ProjectConfigurationPlatforms) = postSolution
		{42C303C8-686F-4433-BB38-B763DAE6516E}.Debug|Any CPU.ActiveCfg = Debug|Any CPU
		{42C303C8-686F-4433-BB38-B763DAE6516E}.Debug|Any CPU.Build.0 = Debug|Any CPU
		{42C303C8-686F-4433-BB38-B763DAE6516E}.Release|Any CPU.ActiveCfg = Release|Any CPU
		{42C303C8-686F-4433-BB38-B763DAE6516E}.Release|Any CPU.Build.0 = Release|Any CPU
		{11946E08-31BC-4344-A31E-20DA59A345C7}.Debug|Any CPU.ActiveCfg = Debug|Any CPU
		{11946E08-31BC-4344-A31E-20DA59A345C7}.Debug|Any CPU.Build.0 = Debug|Any CPU
		{11946E08-31BC-4344-A31E-20DA59A345C7}.Release|Any CPU.ActiveCfg = Release|Any CPU
		{11946E08-31BC-4344-A31E-20DA59A345C7}.Release|Any CPU.Build.0 = Release|Any CPU
	EndGlobalSection
	GlobalSection(SolutionProperties) = preSolution
		HideSolutionNode = FALSE
	EndGlobalSection
	GlobalSection(NestedProjects) = preSolution
		{42C303C8-686F-4433-BB38-B763DAE6516E} = {D70FE233-A04A-47B9-8D78-A8D25D56394B}
		{11946E08-31BC-4344-A31E-20DA59A345C7} = {D998180F-6382-4F0F-A680-8EE699D241C8}
	EndGlobalSection
	GlobalSection(ExtensibilityGlobals) = postSolution
		SolutionGuid = {6E24EBB2-F5DC-4C31-BE9B-4A15A3DA12B9}
	EndGlobalSection
EndGlobal
